
Microsoft Visual Studio Solution File, Format Version 12.00
# Visual Studio Version 17
VisualStudioVersion = 17.5.33516.290
MinimumVisualStudioVersion = 10.0.40219.1
Project("{8BC9CEB8-8B4A-11D0-8D11-00A0C91BC942}") = "multipewarisan", "multipewarisan\multipewarisan.vcxproj", "{DC55E68F-9C29-4F4B-BE2A-19A31D6DE912}"
EndProject
Project("{8BC9CEB8-8B4A-11D0-8D11-00A0C91BC942}") = "problemmultuwaris", "problemmultuwaris\problemmultuwaris.vcxproj", "{9FA049EA-9659-4C57-A3BD-D0A6D2C54B2E}"
EndProject
Project("{8BC9CEB8-8B4A-11D0-8D11-00A0C91BC942}") = "solveMultiwaris", "solveMultiwaris\solveMultiwaris.vcxproj", "{1241D966-4BCD-49D7-955E-C005203F7B27}"
EndProject
Project("{8BC9CEB8-8B4A-11D0-8D11-00A0C91BC942}") = "polimorpi", "polimorpi\polimorpi.vcxproj", "{7DB86612-BD26-4E1B-B048-3FD5C8ABEEB1}"
EndProject
Project("{8BC9CEB8-8B4A-11D0-8D11-00A0C91BC942}") = "nopewarisan", "nopewarisan\nopewarisan.vcxproj", "{5FB04EDE-5035-4324-8259-85DEC83388E8}"
EndProject
Project("{8BC9CEB8-8B4A-11D0-8D11-00A0C91BC942}") = "noOverriding", "noOverriding\noOverriding.vcxproj", "{A108B3C4-D62E-4B2C-B725-FFF0C70C3A5B}"
EndProject
Project("{8BC9CEB8-8B4A-11D0-8D11-00A0C91BC942}") = "enkapsulasi", "enkapsulasi\enkapsulasi.vcxproj", "{8A7CAA57-1327-4FF6-8314-91F2D56335D7}"
EndProject
Project("{8BC9CEB8-8B4A-11D0-8D11-00A0C91BC942}") = "abstraksi", "abstraksi\abstraksi.vcxproj", "{EF6D0E5B-F66C-4E52-8D1E-1C9C02CF6123}"
EndProject
Global
	GlobalSection(SolutionConfigurationPlatforms) = preSolution
		Debug|x64 = Debug|x64
		Debug|x86 = Debug|x86
		Release|x64 = Release|x64
		Release|x86 = Release|x86
	EndGlobalSection
	GlobalSection(ProjectConfigurationPlatforms) = postSolution
		{DC55E68F-9C29-4F4B-BE2A-19A31D6DE912}.Debug|x64.ActiveCfg = Debug|x64
		{DC55E68F-9C29-4F4B-BE2A-19A31D6DE912}.Debug|x64.Build.0 = Debug|x64
		{DC55E68F-9C29-4F4B-BE2A-19A31D6DE912}.Debug|x86.ActiveCfg = Debug|Win32
		{DC55E68F-9C29-4F4B-BE2A-19A31D6DE912}.Debug|x86.Build.0 = Debug|Win32
		{DC55E68F-9C29-4F4B-BE2A-19A31D6DE912}.Release|x64.ActiveCfg = Release|x64
		{DC55E68F-9C29-4F4B-BE2A-19A31D6DE912}.Release|x64.Build.0 = Release|x64
		{DC55E68F-9C29-4F4B-BE2A-19A31D6DE912}.Release|x86.ActiveCfg = Release|Win32
		{DC55E68F-9C29-4F4B-BE2A-19A31D6DE912}.Release|x86.Build.0 = Release|Win32
		{9FA049EA-9659-4C57-A3BD-D0A6D2C54B2E}.Debug|x64.ActiveCfg = Debug|x64
		{9FA049EA-9659-4C57-A3BD-D0A6D2C54B2E}.Debug|x64.Build.0 = Debug|x64
		{9FA049EA-9659-4C57-A3BD-D0A6D2C54B2E}.Debug|x86.ActiveCfg = Debug|Win32
		{9FA049EA-9659-4C57-A3BD-D0A6D2C54B2E}.Debug|x86.Build.0 = Debug|Win32
		{9FA049EA-9659-4C57-A3BD-D0A6D2C54B2E}.Release|x64.ActiveCfg = Release|x64
		{9FA049EA-9659-4C57-A3BD-D0A6D2C54B2E}.Release|x64.Build.0 = Release|x64
		{9FA049EA-9659-4C57-A3BD-D0A6D2C54B2E}.Release|x86.ActiveCfg = Release|Win32
		{9FA049EA-9659-4C57-A3BD-D0A6D2C54B2E}.Release|x86.Build.0 = Release|Win32
		{1241D966-4BCD-49D7-955E-C005203F7B27}.Debug|x64.ActiveCfg = Debug|x64
		{1241D966-4BCD-49D7-955E-C005203F7B27}.Debug|x64.Build.0 = Debug|x64
		{1241D966-4BCD-49D7-955E-C005203F7B27}.Debug|x86.ActiveCfg = Debug|Win32
		{1241D966-4BCD-49D7-955E-C005203F7B27}.Debug|x86.Build.0 = Debug|Win32
		{1241D966-4BCD-49D7-955E-C005203F7B27}.Release|x64.ActiveCfg = Release|x64
		{1241D966-4BCD-49D7-955E-C005203F7B27}.Release|x64.Build.0 = Release|x64
		{1241D966-4BCD-49D7-955E-C005203F7B27}.Release|x86.ActiveCfg = Release|Win32
		{1241D966-4BCD-49D7-955E-C005203F7B27}.Release|x86.Build.0 = Release|Win32
		{7DB86612-BD26-4E1B-B048-3FD5C8ABEEB1}.Debug|x64.ActiveCfg = Debug|x64
		{7DB86612-BD26-4E1B-B048-3FD5C8ABEEB1}.Debug|x64.Build.0 = Debug|x64
		{7DB86612-BD26-4E1B-B048-3FD5C8ABEEB1}.Debug|x86.ActiveCfg = Debug|Win32
		{7DB86612-BD26-4E1B-B048-3FD5C8ABEEB1}.Debug|x86.Build.0 = Debug|Win32
		{7DB86612-BD26-4E1B-B048-3FD5C8ABEEB1}.Release|x64.ActiveCfg = Release|x64
		{7DB86612-BD26-4E1B-B048-3FD5C8ABEEB1}.Release|x64.Build.0 = Release|x64
		{7DB86612-BD26-4E1B-B048-3FD5C8ABEEB1}.Release|x86.ActiveCfg = Release|Win32
		{7DB86612-BD26-4E1B-B048-3FD5C8ABEEB1}.Release|x86.Build.0 = Release|Win32
		{5FB04EDE-5035-4324-8259-85DEC83388E8}.Debug|x64.ActiveCfg = Debug|x64
		{5FB04EDE-5035-4324-8259-85DEC83388E8}.Debug|x64.Build.0 = Debug|x64
		{5FB04EDE-5035-4324-8259-85DEC83388E8}.Debug|x86.ActiveCfg = Debug|Win32
		{5FB04EDE-5035-4324-8259-85DEC83388E8}.Debug|x86.Build.0 = Debug|Win32
		{5FB04EDE-5035-4324-8259-85DEC83388E8}.Release|x64.ActiveCfg = Release|x64
		{5FB04EDE-5035-4324-8259-85DEC83388E8}.Release|x64.Build.0 = Release|x64
		{5FB04EDE-5035-4324-8259-85DEC83388E8}.Release|x86.ActiveCfg = Release|Win32
		{5FB04EDE-5035-4324-8259-85DEC83388E8}.Release|x86.Build.0 = Release|Win32
		{A108B3C4-D62E-4B2C-B725-FFF0C70C3A5B}.Debug|x64.ActiveCfg = Debug|x64
		{A108B3C4-D62E-4B2C-B725-FFF0C70C3A5B}.Debug|x64.Build.0 = Debug|x64
		{A108B3C4-D62E-4B2C-B725-FFF0C70C3A5B}.Debug|x86.ActiveCfg = Debug|Win32
		{A108B3C4-D62E-4B2C-B725-FFF0C70C3A5B}.Debug|x86.Build.0 = Debug|Win32
		{A108B3C4-D62E-4B2C-B725-FFF0C70C3A5B}.Release|x64.ActiveCfg = Release|x64
		{A108B3C4-D62E-4B2C-B725-FFF0C70C3A5B}.Release|x64.Build.0 = Release|x64
		{A108B3C4-D62E-4B2C-B725-FFF0C70C3A5B}.Release|x86.ActiveCfg = Release|Win32
		{A108B3C4-D62E-4B2C-B725-FFF0C70C3A5B}.Release|x86.Build.0 = Release|Win32
		{8A7CAA57-1327-4FF6-8314-91F2D56335D7}.Debug|x64.ActiveCfg = Debug|x64
		{8A7CAA57-1327-4FF6-8314-91F2D56335D7}.Debug|x64.Build.0 = Debug|x64
		{8A7CAA57-1327-4FF6-8314-91F2D56335D7}.Debug|x86.ActiveCfg = Debug|Win32
		{8A7CAA57-1327-4FF6-8314-91F2D56335D7}.Debug|x86.Build.0 = Debug|Win32
		{8A7CAA57-1327-4FF6-8314-91F2D56335D7}.Release|x64.ActiveCfg = Release|x64
		{8A7CAA57-1327-4FF6-8314-91F2D56335D7}.Release|x64.Build.0 = Release|x64
		{8A7CAA57-1327-4FF6-8314-91F2D56335D7}.Release|x86.ActiveCfg = Release|Win32
		{8A7CAA57-1327-4FF6-8314-91F2D56335D7}.Release|x86.Build.0 = Release|Win32
		{EF6D0E5B-F66C-4E52-8D1E-1C9C02CF6123}.Debug|x64.ActiveCfg = Debug|x64
		{EF6D0E5B-F66C-4E52-8D1E-1C9C02CF6123}.Debug|x64.Build.0 = Debug|x64
		{EF6D0E5B-F66C-4E52-8D1E-1C9C02CF6123}.Debug|x86.ActiveCfg = Debug|Win32
		{EF6D0E5B-F66C-4E52-8D1E-1C9C02CF6123}.Debug|x86.Build.0 = Debug|Win32
		{EF6D0E5B-F66C-4E52-8D1E-1C9C02CF6123}.Release|x64.ActiveCfg = Release|x64
		{EF6D0E5B-F66C-4E52-8D1E-1C9C02CF6123}.Release|x64.Build.0 = Release|x64
		{EF6D0E5B-F66C-4E52-8D1E-1C9C02CF6123}.Release|x86.ActiveCfg = Release|Win32
		{EF6D0E5B-F66C-4E52-8D1E-1C9C02CF6123}.Release|x86.Build.0 = Release|Win32
	EndGlobalSection
	GlobalSection(SolutionProperties) = preSolution
		HideSolutionNode = FALSE
	EndGlobalSection
	GlobalSection(ExtensibilityGlobals) = postSolution
		SolutionGuid = {C0C23D04-98F3-4A57-8595-CBA62F2DF28A}
	EndGlobalSection
EndGlobal
